
Microsoft Visual Studio Solution File, Format Version 12.00
# Visual Studio Version 16
VisualStudioVersion = 16.0.29503.13
MinimumVisualStudioVersion = 10.0.40219.1
Project("{FAE04EC0-301F-11D3-BF4B-00C04F79EFBC}") = "WatchPortalFunction", "WatchPortalFunction.csproj", "{6FA03A91-4FFF-4C61-BBB6-A2F6A3E3FB84}"
EndProject
Project("{FAE04EC0-301F-11D3-BF4B-00C04F79EFBC}") = "WatchFunctionsTests", "..\WatchFunctionsTests\WatchFunctionsTests.csproj", "{5F5E4B56-9FDC-435F-9881-FD7EE2739833}"
EndProject
Global
	GlobalSection(SolutionConfigurationPlatforms) = preSolution
		Debug|Any CPU = Debug|Any CPU
		Release|Any CPU = Release|Any CPU
	EndGlobalSection
	GlobalSection(ProjectConfigurationPlatforms) = postSolution
		{6FA03A91-4FFF-4C61-BBB6-A2F6A3E3FB84}.Debug|Any CPU.ActiveCfg = Debug|Any CPU
		{6FA03A91-4FFF-4C61-BBB6-A2F6A3E3FB84}.Debug|Any CPU.Build.0 = Debug|Any CPU
		{6FA03A91-4FFF-4C61-BBB6-A2F6A3E3FB84}.Release|Any CPU.ActiveCfg = Release|Any CPU
		{6FA03A91-4FFF-4C61-BBB6-A2F6A3E3FB84}.Release|Any CPU.Build.0 = Release|Any CPU
		{5F5E4B56-9FDC-435F-9881-FD7EE2739833}.Debug|Any CPU.ActiveCfg = Debug|Any CPU
		{5F5E4B56-9FDC-435F-9881-FD7EE2739833}.Debug|Any CPU.Build.0 = Debug|Any CPU
		{5F5E4B56-9FDC-435F-9881-FD7EE2739833}.Release|Any CPU.ActiveCfg = Release|Any CPU
		{5F5E4B56-9FDC-435F-9881-FD7EE2739833}.Release|Any CPU.Build.0 = Release|Any CPU
	EndGlobalSection
	GlobalSection(SolutionProperties) = preSolution
		HideSolutionNode = FALSE
	EndGlobalSection
	GlobalSection(ExtensibilityGlobals) = postSolution
		SolutionGuid = {9824D13B-C7A4-4C33-8363-7CA506FA9046}
	EndGlobalSection
EndGlobal
